{
  "lockfile_version": "1",
  "packages": {
    "elmPackages.elm": {
      "resolved": "github:NixOS/nixpkgs/75a52265bda7fd25e06e3a67dee3f0354e73243c#elmPackages.elm",
      "source": "nixpkg"
    },
    "elmPackages.elm-format": {
      "resolved": "github:NixOS/nixpkgs/75a52265bda7fd25e06e3a67dee3f0354e73243c#elmPackages.elm-format",
      "source": "nixpkg"
    },
    "elmPackages.elm-test": {
      "resolved": "github:NixOS/nixpkgs/75a52265bda7fd25e06e3a67dee3f0354e73243c#elmPackages.elm-test",
      "source": "nixpkg"
    },
    "shellcheck": {
      "resolved": "github:NixOS/nixpkgs/75a52265bda7fd25e06e3a67dee3f0354e73243c#shellcheck",
      "source": "nixpkg"
    }
  }
}
